<Solution>
  <Project Path="Cadlix_backend.Api/Cadlix_backend.Api.csproj" />
  <Project Path="Cadlix_backend.BusinessLayer/Cadlix_backend.BusinessLayer.csproj" />
  <Project Path="Cadlix_backend.DataAccess/Cadlix_backend.DataAccess.csproj" />
  <Project Path="Cadlix_backend.Domain/Cadlix_backend.Domain.csproj" />
</Solution>
